// !$*UTF8*$!
{
	archiveVersion = 1;
	classes = {
	};
	objectVersion = 46;
	objects = {

/* Begin PBXBuildFile section */
		BEA47FB01E6238F00086B52D /* AppDelegate.swift in Sources */ = {isa = PBXBuildFile; fileRef = BEA47FAF1E6238F00086B52D /* AppDelegate.swift */; };
		BEA47FB21E6238F00086B52D /* ViewController.swift in Sources */ = {isa = PBXBuildFile; fileRef = BEA47FB11E6238F00086B52D /* ViewController.swift */; };
		BEA47FB51E6238F00086B52D /* Main.storyboard in Resources */ = {isa = PBXBuildFile; fileRef = BEA47FB31E6238F00086B52D /* Main.storyboard */; };
		BEA47FB71E6238F00086B52D /* Assets.xcassets in Resources */ = {isa = PBXBuildFile; fileRef = BEA47FB61E6238F00086B52D /* Assets.xcassets */; };
		BEA47FBA1E6238F00086B52D /* LaunchScreen.storyboard in Resources */ = {isa = PBXBuildFile; fileRef = BEA47FB81E6238F00086B52D /* LaunchScreen.storyboard */; };
		BEA47FC51E6238F00086B52D /* CountriesInfoTests.swift in Sources */ = {isa = PBXBuildFile; fileRef = BEA47FC41E6238F00086B52D /* CountriesInfoTests.swift */; };
		BEA47FD01E6238F00086B52D /* CountriesInfoUITests.swift in Sources */ = {isa = PBXBuildFile; fileRef = BEA47FCF1E6238F00086B52D /* CountriesInfoUITests.swift */; };
/* End PBXBuildFile section */

/* Begin PBXContainerItemProxy section */
		BEA47FC11E6238F00086B52D /* PBXContainerItemProxy */ = {
			isa = PBXContainerItemProxy;
			containerPortal = BEA47FA41E6238F00086B52D /* Project object */;
			proxyType = 1;
			remoteGlobalIDString = BEA47FAB1E6238F00086B52D;
			remoteInfo = CountriesInfo;
		};
		BEA47FCC1E6238F00086B52D /* PBXContainerItemProxy */ = {
			isa = PBXContainerItemProxy;
			containerPortal = BEA47FA41E6238F00086B52D /* Project object */;
			proxyType = 1;
			remoteGlobalIDString = BEA47FAB1E6238F00086B52D;
			remoteInfo = CountriesInfo;
		};
/* End PBXContainerItemProxy section */

/* Begin PBXFileReference section */
		BEA47FAC1E6238F00086B52D /* CountriesInfo.app */ = {isa = PBXFileReference; explicitFileType = wrapper.application; includeInIndex = 0; path = CountriesInfo.app; sourceTree = BUILT_PRODUCTS_DIR; };
		BEA47FAF1E6238F00086B52D /* AppDelegate.swift */ = {isa = PBXFileReference; lastKnownFileType = sourcecode.swift; path = AppDelegate.swift; sourceTree = "<group>"; };
		BEA47FB11E6238F00086B52D /* ViewController.swift */ = {isa = PBXFileReference; lastKnownFileType = sourcecode.swift; path = ViewController.swift; sourceTree = "<group>"; };
		BEA47FB41E6238F00086B52D /* Base */ = {isa = PBXFileReference; lastKnownFileType = file.storyboard; name = Base; path = Base.lproj/Main.storyboard; sourceTree = "<group>"; };
		BEA47FB61E6238F00086B52D /* Assets.xcassets */ = {isa = PBXFileReference; lastKnownFileType = folder.assetcatalog; path = Assets.xcassets; sourceTree = "<group>"; };
		BEA47FB91E6238F00086B52D /* Base */ = {isa = PBXFileReference; lastKnownFileType = file.storyboard; name = Base; path = Base.lproj/LaunchScreen.storyboard; sourceTree = "<group>"; };
		BEA47FBB1E6238F00086B52D /* Info.plist */ = {isa = PBXFileReference; lastKnownFileType = text.plist.xml; path = Info.plist; sourceTree = "<group>"; };
		BEA47FC01E6238F00086B52D /* CountriesInfoTests.xctest */ = {isa = PBXFileReference; explicitFileType = wrapper.cfbundle; includeInIndex = 0; path = CountriesInfoTests.xctest; sourceTree = BUILT_PRODUCTS_DIR; };
		BEA47FC41E6238F00086B52D /* CountriesInfoTests.swift */ = {isa = PBXFileReference; lastKnownFileType = sourcecode.swift; path = CountriesInfoTests.swift; sourceTree = "<group>"; };
		BEA47FC61E6238F00086B52D /* Info.plist */ = {isa = PBXFileReference; lastKnownFileType = text.plist.xml; path = Info.plist; sourceTree = "<group>"; };
		BEA47FCB1E6238F00086B52D /* CountriesInfoUITests.xctest */ = {isa = PBXFileReference; explicitFileType = wrapper.cfbundle; includeInIndex = 0; path = CountriesInfoUITests.xctest; sourceTree = BUILT_PRODUCTS_DIR; };
		BEA47FCF1E6238F00086B52D /* CountriesInfoUITests.swift */ = {isa = PBXFileReference; lastKnownFileType = sourcecode.swift; path = CountriesInfoUITests.swift; sourceTree = "<group>"; };
		BEA47FD11E6238F00086B52D /* Info.plist */ = {isa = PBXFileReference; lastKnownFileType = text.plist.xml; path = Info.plist; sourceTree = "<group>"; };
/* End PBXFileReference section */

/* Begin PBXFrameworksBuildPhase section */
		BEA47FA91E6238F00086B52D /* Frameworks */ = {
			isa = PBXFrameworksBuildPhase;
			buildActionMask = 2147483647;
			files = (
			);
			runOnlyForDeploymentPostprocessing = 0;
		};
		BEA47FBD1E6238F00086B52D /* Frameworks */ = {
			isa = PBXFrameworksBuildPhase;
			buildActionMask = 2147483647;
			files = (
			);
			runOnlyForDeploymentPostprocessing = 0;
		};
		BEA47FC81E6238F00086B52D /* Frameworks */ = {
			isa = PBXFrameworksBuildPhase;
			buildActionMask = 2147483647;
			files = (
			);
			runOnlyForDeploymentPostprocessing = 0;
		};
/* End PBXFrameworksBuildPhase section */

/* Begin PBXGroup section */
		BEA47FA31E6238F00086B52D = {
			isa = PBXGroup;
			children = (
				BEA47FAE1E6238F00086B52D /* CountriesInfo */,
				BEA47FC31E6238F00086B52D /* CountriesInfoTests */,
				BEA47FCE1E6238F00086B52D /* CountriesInfoUITests */,
				BEA47FAD1E6238F00086B52D /* Products */,
			);
			sourceTree = "<group>";
		};
		BEA47FAD1E6238F00086B52D /* Products */ = {
			isa = PBXGroup;
			children = (
				BEA47FAC1E6238F00086B52D /* CountriesInfo.app */,
				BEA47FC01E6238F00086B52D /* CountriesInfoTests.xctest */,
				BEA47FCB1E6238F00086B52D /* CountriesInfoUITests.xctest */,
			);
			name = Products;
			sourceTree = "<group>";
		};
		BEA47FAE1E6238F00086B52D /* CountriesInfo */ = {
			isa = PBXGroup;
			children = (
				BEA47FAF1E6238F00086B52D /* AppDelegate.swift */,
				BEA47FB11E6238F00086B52D /* ViewController.swift */,
				BEA47FB31E6238F00086B52D /* Main.storyboard */,
				BEA47FB61E6238F00086B52D /* Assets.xcassets */,
				BEA47FB81E6238F00086B52D /* LaunchScreen.storyboard */,
				BEA47FBB1E6238F00086B52D /* Info.plist */,
			);
			path = CountriesInfo;
			sourceTree = "<group>";
		};
		BEA47FC31E6238F00086B52D /* CountriesInfoTests */ = {
			isa = PBXGroup;
			children = (
				BEA47FC41E6238F00086B52D /* CountriesInfoTests.swift */,
				BEA47FC61E6238F00086B52D /* Info.plist */,
			);
			path = CountriesInfoTests;
			sourceTree = "<group>";
		};
		BEA47FCE1E6238F00086B52D /* CountriesInfoUITests */ = {
			isa = PBXGroup;
			children = (
				BEA47FCF1E6238F00086B52D /* CountriesInfoUITests.swift */,
				BEA47FD11E6238F00086B52D /* Info.plist */,
			);
			path = CountriesInfoUITests;
			sourceTree = "<group>";
		};
/* End PBXGroup section */

/* Begin PBXNativeTarget section */
		BEA47FAB1E6238F00086B52D /* CountriesInfo */ = {
			isa = PBXNativeTarget;
			buildConfigurationList = BEA47FD41E6238F00086B52D /* Build configuration list for PBXNativeTarget "CountriesInfo" */;
			buildPhases = (
				BEA47FA81E6238F00086B52D /* Sources */,
				BEA47FA91E6238F00086B52D /* Frameworks */,
				BEA47FAA1E6238F00086B52D /* Resources */,
			);
			buildRules = (
			);
			dependencies = (
			);
			name = CountriesInfo;
			productName = CountriesInfo;
			productReference = BEA47FAC1E6238F00086B52D /* CountriesInfo.app */;
			productType = "com.apple.product-type.application";
		};
		BEA47FBF1E6238F00086B52D /* CountriesInfoTests */ = {
			isa = PBXNativeTarget;
			buildConfigurationList = BEA47FD71E6238F00086B52D /* Build configuration list for PBXNativeTarget "CountriesInfoTests" */;
			buildPhases = (
				BEA47FBC1E6238F00086B52D /* Sources */,
				BEA47FBD1E6238F00086B52D /* Frameworks */,
				BEA47FBE1E6238F00086B52D /* Resources */,
			);
			buildRules = (
			);
			dependencies = (
				BEA47FC21E6238F00086B52D /* PBXTargetDependency */,
			);
			name = CountriesInfoTests;
			productName = CountriesInfoTests;
			productReference = BEA47FC01E6238F00086B52D /* CountriesInfoTests.xctest */;
			productType = "com.apple.product-type.bundle.unit-test";
		};
		BEA47FCA1E6238F00086B52D /* CountriesInfoUITests */ = {
			isa = PBXNativeTarget;
			buildConfigurationList = BEA47FDA1E6238F00086B52D /* Build configuration list for PBXNativeTarget "CountriesInfoUITests" */;
			buildPhases = (
				BEA47FC71E6238F00086B52D /* Sources */,
				BEA47FC81E6238F00086B52D /* Frameworks */,
				BEA47FC91E6238F00086B52D /* Resources */,
			);
			buildRules = (
			);
			dependencies = (
				BEA47FCD1E6238F00086B52D /* PBXTargetDependency */,
			);
			name = CountriesInfoUITests;
			productName = CountriesInfoUITests;
			productReference = BEA47FCB1E6238F00086B52D /* CountriesInfoUITests.xctest */;
			productType = "com.apple.product-type.bundle.ui-testing";
		};
/* End PBXNativeTarget section */

/* Begin PBXProject section */
		BEA47FA41E6238F00086B52D /* Project object */ = {
			isa = PBXProject;
			attributes = {
				LastSwiftUpdateCheck = 0820;
				LastUpgradeCheck = 0820;
				ORGANIZATIONNAME = Green;
				TargetAttributes = {
					BEA47FAB1E6238F00086B52D = {
						CreatedOnToolsVersion = 8.2.1;
						ProvisioningStyle = Automatic;
					};
					BEA47FBF1E6238F00086B52D = {
						CreatedOnToolsVersion = 8.2.1;
						ProvisioningStyle = Automatic;
						TestTargetID = BEA47FAB1E6238F00086B52D;
					};
					BEA47FCA1E6238F00086B52D = {
						CreatedOnToolsVersion = 8.2.1;
						ProvisioningStyle = Automatic;
						TestTargetID = BEA47FAB1E6238F00086B52D;
					};
				};
			};
			buildConfigurationList = BEA47FA71E6238F00086B52D /* Build configuration list for PBXProject "CountriesInfo" */;
			compatibilityVersion = "Xcode 3.2";
			developmentRegion = English;
			hasScannedForEncodings = 0;
			knownRegions = (
				en,
				Base,
			);
			mainGroup = BEA47FA31E6238F00086B52D;
			productRefGroup = BEA47FAD1E6238F00086B52D /* Products */;
			projectDirPath = "";
			projectRoot = "";
			targets = (
				BEA47FAB1E6238F00086B52D /* CountriesInfo */,
				BEA47FBF1E6238F00086B52D /* CountriesInfoTests */,
				BEA47FCA1E6238F00086B52D /* CountriesInfoUITests */,
			);
		};
/* End PBXProject section */

/* Begin PBXResourcesBuildPhase section */
		BEA47FAA1E6238F00086B52D /* Resources */ = {
			isa = PBXResourcesBuildPhase;
			buildActionMask = 2147483647;
			files = (
				BEA47FBA1E6238F00086B52D /* LaunchScreen.storyboard in Resources */,
				BEA47FB71E6238F00086B52D /* Assets.xcassets in Resources */,
				BEA47FB51E6238F00086B52D /* Main.storyboard in Resources */,
			);
			runOnlyForDeploymentPostprocessing = 0;
		};
		BEA47FBE1E6238F00086B52D /* Resources */ = {
			isa = PBXResourcesBuildPhase;
			buildActionMask = 2147483647;
			files = (
			);
			runOnlyForDeploymentPostprocessing = 0;
		};
		BEA47FC91E6238F00086B52D /* Resources */ = {
			isa = PBXResourcesBuildPhase;
			buildActionMask = 2147483647;
			files = (
			);
			runOnlyForDeploymentPostprocessing = 0;
		};
/* End PBXResourcesBuildPhase section */

/* Begin PBXSourcesBuildPhase section */
		BEA47FA81E6238F00086B52D /* Sources */ = {
			isa = PBXSourcesBuildPhase;
			buildActionMask = 2147483647;
			files = (
				BEA47FB21E6238F00086B52D /* ViewController.swift in Sources */,
				BEA47FB01E6238F00086B52D /* AppDelegate.swift in Sources */,
			);
			runOnlyForDeploymentPostprocessing = 0;
		};
		BEA47FBC1E6238F00086B52D /* Sources */ = {
			isa = PBXSourcesBuildPhase;
			buildActionMask = 2147483647;
			files = (
				BEA47FC51E6238F00086B52D /* CountriesInfoTests.swift in Sources */,
			);
			runOnlyForDeploymentPostprocessing = 0;
		};
		BEA47FC71E6238F00086B52D /* Sources */ = {
			isa = PBXSourcesBuildPhase;
			buildActionMask = 2147483647;
			files = (
				BEA47FD01E6238F00086B52D /* CountriesInfoUITests.swift in Sources */,
			);
			runOnlyForDeploymentPostprocessing = 0;
		};
/* End PBXSourcesBuildPhase section */

/* Begin PBXTargetDependency section */
		BEA47FC21E6238F00086B52D /* PBXTargetDependency */ = {
			isa = PBXTargetDependency;
			target = BEA47FAB1E6238F00086B52D /* CountriesInfo */;
			targetProxy = BEA47FC11E6238F00086B52D /* PBXContainerItemProxy */;
		};
		BEA47FCD1E6238F00086B52D /* PBXTargetDependency */ = {
			isa = PBXTargetDependency;
			target = BEA47FAB1E6238F00086B52D /* CountriesInfo */;
			targetProxy = BEA47FCC1E6238F00086B52D /* PBXContainerItemProxy */;
		};
/* End PBXTargetDependency section */

/* Begin PBXVariantGroup section */
		BEA47FB31E6238F00086B52D /* Main.storyboard */ = {
			isa = PBXVariantGroup;
			children = (
				BEA47FB41E6238F00086B52D /* Base */,
			);
			name = Main.storyboard;
			sourceTree = "<group>";
		};
		BEA47FB81E6238F00086B52D /* LaunchScreen.storyboard */ = {
			isa = PBXVariantGroup;
			children = (
				BEA47FB91E6238F00086B52D /* Base */,
			);
			name = LaunchScreen.storyboard;
			sourceTree = "<group>";
		};
/* End PBXVariantGroup section */

/* Begin XCBuildConfiguration section */
		BEA47FD21E6238F00086B52D /* Debug */ = {
			isa = XCBuildConfiguration;
			buildSettings = {
				ALWAYS_SEARCH_USER_PATHS = NO;
				CLANG_ANALYZER_NONNULL = YES;
				CLANG_CXX_LANGUAGE_STANDARD = "gnu++0x";
				CLANG_CXX_LIBRARY = "libc++";
				CLANG_ENABLE_MODULES = YES;
				CLANG_ENABLE_OBJC_ARC = YES;
				CLANG_WARN_BOOL_CONVERSION = YES;
				CLANG_WARN_CONSTANT_CONVERSION = YES;
				CLANG_WARN_DIRECT_OBJC_ISA_USAGE = YES_ERROR;
				CLANG_WARN_DOCUMENTATION_COMMENTS = YES;
				CLANG_WARN_EMPTY_BODY = YES;
				CLANG_WARN_ENUM_CONVERSION = YES;
				CLANG_WARN_INFINITE_RECURSION = YES;
				CLANG_WARN_INT_CONVERSION = YES;
				CLANG_WARN_OBJC_ROOT_CLASS = YES_ERROR;
				CLANG_WARN_SUSPICIOUS_MOVE = YES;
				CLANG_WARN_UNREACHABLE_CODE = YES;
				CLANG_WARN__DUPLICATE_METHOD_MATCH = YES;
				"CODE_SIGN_IDENTITY[sdk=iphoneos*]" = "iPhone Developer";
				COPY_PHASE_STRIP = NO;
				DEBUG_INFORMATION_FORMAT = dwarf;
				ENABLE_STRICT_OBJC_MSGSEND = YES;
				ENABLE_TESTABILITY = YES;
				GCC_C_LANGUAGE_STANDARD = gnu99;
				GCC_DYNAMIC_NO_PIC = NO;
				GCC_NO_COMMON_BLOCKS = YES;
				GCC_OPTIMIZATION_LEVEL = 0;
				GCC_PREPROCESSOR_DEFINITIONS = (
					"DEBUG=1",
					"$(inherited)",
				);
				GCC_WARN_64_TO_32_BIT_CONVERSION = YES;
				GCC_WARN_ABOUT_RETURN_TYPE = YES_ERROR;
				GCC_WARN_UNDECLARED_SELECTOR = YES;
				GCC_WARN_UNINITIALIZED_AUTOS = YES_AGGRESSIVE;
				GCC_WARN_UNUSED_FUNCTION = YES;
				GCC_WARN_UNUSED_VARIABLE = YES;
				IPHONEOS_DEPLOYMENT_TARGET = 10.2;
				MTL_ENABLE_DEBUG_INFO = YES;
				ONLY_ACTIVE_ARCH = YES;
				SDKROOT = iphoneos;
				SWIFT_ACTIVE_COMPILATION_CONDITIONS = DEBUG;
				SWIFT_OPTIMIZATION_LEVEL = "-Onone";
			};
			name = Debug;
		};
		BEA47FD31E6238F00086B52D /* Release */ = {
			isa = XCBuildConfiguration;
			buildSettings = {
				ALWAYS_SEARCH_USER_PATHS = NO;
				CLANG_ANALYZER_NONNULL = YES;
				CLANG_CXX_LANGUAGE_STANDARD = "gnu++0x";
				CLANG_CXX_LIBRARY = "libc++";
				CLANG_ENABLE_MODULES = YES;
				CLANG_ENABLE_OBJC_ARC = YES;
				CLANG_WARN_BOOL_CONVERSION = YES;
				CLANG_WARN_CONSTANT_CONVERSION = YES;
				CLANG_WARN_DIRECT_OBJC_ISA_USAGE = YES_ERROR;
				CLANG_WARN_DOCUMENTATION_COMMENTS = YES;
				CLANG_WARN_EMPTY_BODY = YES;
				CLANG_WARN_ENUM_CONVERSION = YES;
				CLANG_WARN_INFINITE_RECURSION = YES;
				CLANG_WARN_INT_CONVERSION = YES;
				CLANG_WARN_OBJC_ROOT_CLASS = YES_ERROR;
				CLANG_WARN_SUSPICIOUS_MOVE = YES;
				CLANG_WARN_UNREACHABLE_CODE = YES;
				CLANG_WARN__DUPLICATE_METHOD_MATCH = YES;
				"CODE_SIGN_IDENTITY[sdk=iphoneos*]" = "iPhone Developer";
				COPY_PHASE_STRIP = NO;
				DEBUG_INFORMATION_FORMAT = "dwarf-with-dsym";
				ENABLE_NS_ASSERTIONS = NO;
				ENABLE_STRICT_OBJC_MSGSEND = YES;
				GCC_C_LANGUAGE_STANDARD = gnu99;
				GCC_NO_COMMON_BLOCKS = YES;
				GCC_WARN_64_TO_32_BIT_CONVERSION = YES;
				GCC_WARN_ABOUT_RETURN_TYPE = YES_ERROR;
				GCC_WARN_UNDECLARED_SELECTOR = YES;
				GCC_WARN_UNINITIALIZED_AUTOS = YES_AGGRESSIVE;
				GCC_WARN_UNUSED_FUNCTION = YES;
				GCC_WARN_UNUSED_VARIABLE = YES;
				IPHONEOS_DEPLOYMENT_TARGET = 10.2;
				MTL_ENABLE_DEBUG_INFO = NO;
				SDKROOT = iphoneos;
				SWIFT_OPTIMIZATION_LEVEL = "-Owholemodule";
				VALIDATE_PRODUCT = YES;
			};
			name = Release;
		};
		BEA47FD51E6238F00086B52D /* Debug */ = {
			isa = XCBuildConfiguration;
			buildSettings = {
				ASSETCATALOG_COMPILER_APPICON_NAME = AppIcon;
				INFOPLIST_FILE = CountriesInfo/Info.plist;
				LD_RUNPATH_SEARCH_PATHS = "$(inherited) @executable_path/Frameworks";
				PRODUCT_BUNDLE_IDENTIFIER = com.saturnino.CountriesInfo;
				PRODUCT_NAME = "$(TARGET_NAME)";
				SWIFT_VERSION = 3.0;
			};
			name = Debug;
		};
		BEA47FD61E6238F00086B52D /* Release */ = {
			isa = XCBuildConfiguration;
			buildSettings = {
				ASSETCATALOG_COMPILER_APPICON_NAME = AppIcon;
				INFOPLIST_FILE = CountriesInfo/Info.plist;
				LD_RUNPATH_SEARCH_PATHS = "$(inherited) @executable_path/Frameworks";
				PRODUCT_BUNDLE_IDENTIFIER = com.saturnino.CountriesInfo;
				PRODUCT_NAME = "$(TARGET_NAME)";
				SWIFT_VERSION = 3.0;
			};
			name = Release;
		};
		BEA47FD81E6238F00086B52D /* Debug */ = {
			isa = XCBuildConfiguration;
			buildSettings = {
				ALWAYS_EMBED_SWIFT_STANDARD_LIBRARIES = YES;
				BUNDLE_LOADER = "$(TEST_HOST)";
				INFOPLIST_FILE = CountriesInfoTests/Info.plist;
				LD_RUNPATH_SEARCH_PATHS = "$(inherited) @executable_path/Frameworks @loader_path/Frameworks";
				PRODUCT_BUNDLE_IDENTIFIER = com.saturnino.CountriesInfoTests;
				PRODUCT_NAME = "$(TARGET_NAME)";
				SWIFT_VERSION = 3.0;
				TEST_HOST = "$(BUILT_PRODUCTS_DIR)/CountriesInfo.app/CountriesInfo";
			};
			name = Debug;
		};
		BEA47FD91E6238F00086B52D /* Release */ = {
			isa = XCBuildConfiguration;
			buildSettings = {
				ALWAYS_EMBED_SWIFT_STANDARD_LIBRARIES = YES;
				BUNDLE_LOADER = "$(TEST_HOST)";
				INFOPLIST_FILE = CountriesInfoTests/Info.plist;
				LD_RUNPATH_SEARCH_PATHS = "$(inherited) @executable_path/Frameworks @loader_path/Frameworks";
				PRODUCT_BUNDLE_IDENTIFIER = com.saturnino.CountriesInfoTests;
				PRODUCT_NAME = "$(TARGET_NAME)";
				SWIFT_VERSION = 3.0;
				TEST_HOST = "$(BUILT_PRODUCTS_DIR)/CountriesInfo.app/CountriesInfo";
			};
			name = Release;
		};
		BEA47FDB1E6238F00086B52D /* Debug */ = {
			isa = XCBuildConfiguration;
			buildSettings = {
				ALWAYS_EMBED_SWIFT_STANDARD_LIBRARIES = YES;
				INFOPLIST_FILE = CountriesInfoUITests/Info.plist;
				LD_RUNPATH_SEARCH_PATHS = "$(inherited) @executable_path/Frameworks @loader_path/Frameworks";
				PRODUCT_BUNDLE_IDENTIFIER = com.saturnino.CountriesInfoUITests;
				PRODUCT_NAME = "$(TARGET_NAME)";
				SWIFT_VERSION = 3.0;
				TEST_TARGET_NAME = CountriesInfo;
			};
			name = Debug;
		};
		BEA47FDC1E6238F00086B52D /* Release */ = {
			isa = XCBuildConfiguration;
			buildSettings = {
				ALWAYS_EMBED_SWIFT_STANDARD_LIBRARIES = YES;
				INFOPLIST_FILE = CountriesInfoUITests/Info.plist;
				LD_RUNPATH_SEARCH_PATHS = "$(inherited) @executable_path/Frameworks @loader_path/Frameworks";
				PRODUCT_BUNDLE_IDENTIFIER = com.saturnino.CountriesInfoUITests;
				PRODUCT_NAME = "$(TARGET_NAME)";
				SWIFT_VERSION = 3.0;
				TEST_TARGET_NAME = CountriesInfo;
			};
			name = Release;
		};
/* End XCBuildConfiguration section */

/* Begin XCConfigurationList section */
		BEA47FA71E6238F00086B52D /* Build configuration list for PBXProject "CountriesInfo" */ = {
			isa = XCConfigurationList;
			buildConfigurations = (
				BEA47FD21E6238F00086B52D /* Debug */,
				BEA47FD31E6238F00086B52D /* Release */,
			);
			defaultConfigurationIsVisible = 0;
			defaultConfigurationName = Release;
		};
		BEA47FD41E6238F00086B52D /* Build configuration list for PBXNativeTarget "CountriesInfo" */ = {
			isa = XCConfigurationList;
			buildConfigurations = (
				BEA47FD51E6238F00086B52D /* Debug */,
				BEA47FD61E6238F00086B52D /* Release */,
			);
			defaultConfigurationIsVisible = 0;
		};
		BEA47FD71E6238F00086B52D /* Build configuration list for PBXNativeTarget "CountriesInfoTests" */ = {
			isa = XCConfigurationList;
			buildConfigurations = (
				BEA47FD81E6238F00086B52D /* Debug */,
				BEA47FD91E6238F00086B52D /* Release */,
			);
			defaultConfigurationIsVisible = 0;
		};
		BEA47FDA1E6238F00086B52D /* Build configuration list for PBXNativeTarget "CountriesInfoUITests" */ = {
			isa = XCConfigurationList;
			buildConfigurations = (
				BEA47FDB1E6238F00086B52D /* Debug */,
				BEA47FDC1E6238F00086B52D /* Release */,
			);
			defaultConfigurationIsVisible = 0;
		};
/* End XCConfigurationList section */
	};
	rootObject = BEA47FA41E6238F00086B52D /* Project object */;
}
